
Microsoft Visual Studio Solution File, Format Version 12.00
# Visual Studio Version 17
VisualStudioVersion = 17.6.33829.357
MinimumVisualStudioVersion = 10.0.40219.1
Project("{FAE04EC0-301F-11D3-BF4B-00C04F79EFBC}") = "Ex04.Menus.Delegates", "Ex04.Menus.Delegates\Ex04.Menus.Delegates.csproj", "{73A02BC7-190F-4720-80C3-85A3F997C1F3}"
EndProject
Project("{FAE04EC0-301F-11D3-BF4B-00C04F79EFBC}") = "Ex04.Menus.Interfaces", "Ex04.Menus.Interfaces\Ex04.Menus.Interfaces.csproj", "{1406B426-98F3-491A-B45D-82967D78D084}"
EndProject
Project("{FAE04EC0-301F-11D3-BF4B-00C04F79EFBC}") = "Ex04.Menus.Test", "Ex04.Menus.Test\Ex04.Menus.Test.csproj", "{9E904889-CD69-425E-95BB-AC98B749CA76}"
EndProject
Global
	GlobalSection(SolutionConfigurationPlatforms) = preSolution
		Debug|Any CPU = Debug|Any CPU
		Release|Any CPU = Release|Any CPU
	EndGlobalSection
	GlobalSection(ProjectConfigurationPlatforms) = postSolution
		{73A02BC7-190F-4720-80C3-85A3F997C1F3}.Debug|Any CPU.ActiveCfg = Debug|Any CPU
		{73A02BC7-190F-4720-80C3-85A3F997C1F3}.Debug|Any CPU.Build.0 = Debug|Any CPU
		{73A02BC7-190F-4720-80C3-85A3F997C1F3}.Release|Any CPU.ActiveCfg = Release|Any CPU
		{73A02BC7-190F-4720-80C3-85A3F997C1F3}.Release|Any CPU.Build.0 = Release|Any CPU
		{1406B426-98F3-491A-B45D-82967D78D084}.Debug|Any CPU.ActiveCfg = Debug|Any CPU
		{1406B426-98F3-491A-B45D-82967D78D084}.Debug|Any CPU.Build.0 = Debug|Any CPU
		{1406B426-98F3-491A-B45D-82967D78D084}.Release|Any CPU.ActiveCfg = Release|Any CPU
		{1406B426-98F3-491A-B45D-82967D78D084}.Release|Any CPU.Build.0 = Release|Any CPU
		{9E904889-CD69-425E-95BB-AC98B749CA76}.Debug|Any CPU.ActiveCfg = Debug|Any CPU
		{9E904889-CD69-425E-95BB-AC98B749CA76}.Debug|Any CPU.Build.0 = Debug|Any CPU
		{9E904889-CD69-425E-95BB-AC98B749CA76}.Release|Any CPU.ActiveCfg = Release|Any CPU
		{9E904889-CD69-425E-95BB-AC98B749CA76}.Release|Any CPU.Build.0 = Release|Any CPU
	EndGlobalSection
	GlobalSection(SolutionProperties) = preSolution
		HideSolutionNode = FALSE
	EndGlobalSection
	GlobalSection(ExtensibilityGlobals) = postSolution
		SolutionGuid = {89C066F7-C0ED-4186-96CB-4E62BFC22534}
	EndGlobalSection
EndGlobal
